<?xml version="1.0" encoding="utf-8"?>
<Project ToolsVersion="4.0" xmlns="http://schemas.microsoft.com/developer/msbuild/2003">
  <ItemGroup>
    <Filter Include="소스 파일">
      <UniqueIdentifier>{4FC737F1-C7A5-4376-A066-2A32D752A2FF}</UniqueIdentifier>
      <Extensions>cpp;c;cc;cxx;def;odl;idl;hpj;bat;asm;asmx</Extensions>
    </Filter>
    <Filter Include="헤더 파일">
      <UniqueIdentifier>{93995380-89BD-4b04-88EB-625FBE52EBFB}</UniqueIdentifier>
      <Extensions>h;hpp;hxx;hm;inl;inc;xsd</Extensions>
    </Filter>
    <Filter Include="리소스 파일">
      <UniqueIdentifier>{67DA6AB6-F800-4c08-8B7A-83BB121AAD01}</UniqueIdentifier>
      <Extensions>rc;ico;cur;bmp;dlg;rc2;rct;bin;rgs;gif;jpg;jpeg;jpe;resx;tiff;tif;png;wav;mfcribbon-ms</Extensions>
    </Filter>
    <Filter Include="소스 파일\1장">
      <UniqueIdentifier>{54311b81-6644-4735-a7f1-8da0894cdbac}</UniqueIdentifier>
    </Filter>
    <Filter Include="소스 파일\1장\연습문제1-1">
      <UniqueIdentifier>{1a0cf15b-356e-4249-a993-c2fa4a73c71d}</UniqueIdentifier>
    </Filter>
    <Filter Include="소스 파일\1장\연습문제1-2">
      <UniqueIdentifier>{45bcea53-c171-4b32-9881-4494f7bdde65}</UniqueIdentifier>
    </Filter>
    <Filter Include="소스 파일\OOP PROJECT">
      <UniqueIdentifier>{494ac8fb-d234-4f6d-8c28-da6f56fe727d}</UniqueIdentifier>
    </Filter>
    <Filter Include="소스 파일\3장">
      <UniqueIdentifier>{cd002103-aa29-42d8-b045-383e136a15d5}</UniqueIdentifier>
    </Filter>
    <Filter Include="소스 파일\3장\연습문제3-1">
      <UniqueIdentifier>{4ed64ed5-453e-4f3c-92e1-ae77fdf2461d}</UniqueIdentifier>
    </Filter>
    <Filter Include="소스 파일\4장">
      <UniqueIdentifier>{d9b73cc5-295e-4de4-b8d5-232afbf2dd27}</UniqueIdentifier>
    </Filter>
    <Filter Include="소스 파일\4장\연습문제4-1">
      <UniqueIdentifier>{ac3b551f-2ed1-4a29-a373-8c1ceb18d793}</UniqueIdentifier>
    </Filter>
    <Filter Include="소스 파일\4장\연습문제4-2">
      <UniqueIdentifier>{decb4474-fabd-4093-934c-069da7dbe383}</UniqueIdentifier>
    </Filter>
    <Filter Include="소스 파일\5장">
      <UniqueIdentifier>{bff81341-b531-4668-a23e-6e9a8e7d5e23}</UniqueIdentifier>
    </Filter>
    <Filter Include="소스 파일\5장\연습문제5-1">
      <UniqueIdentifier>{660a18dd-4cf6-4998-8fb5-ae5755bcb79f}</UniqueIdentifier>
    </Filter>
    <Filter Include="소스 파일\7장">
      <UniqueIdentifier>{cf0d49a7-9869-4f3c-9612-0c69ba2e91ca}</UniqueIdentifier>
    </Filter>
    <Filter Include="소스 파일\7장\연습문제7-1">
      <UniqueIdentifier>{2ccc3c80-c283-418b-a838-003147f6acaf}</UniqueIdentifier>
    </Filter>
    <Filter Include="소스 파일\8장">
      <UniqueIdentifier>{10e00af5-27d7-42d3-9784-306af609f244}</UniqueIdentifier>
    </Filter>
    <Filter Include="소스 파일\8장\연습문제8-1">
      <UniqueIdentifier>{5cba657d-8c23-4a55-91d3-3115b354bfaa}</UniqueIdentifier>
    </Filter>
    <Filter Include="소스 파일\8장\연습문제8-2">
      <UniqueIdentifier>{e4d9c0ab-40f2-42a9-907a-c2a7726f3394}</UniqueIdentifier>
    </Filter>
    <Filter Include="소스 파일\OOP PROJECT\Step5">
      <UniqueIdentifier>{e6611470-f963-4a35-b62f-15d5241ed843}</UniqueIdentifier>
    </Filter>
    <Filter Include="소스 파일\OOP PROJECT\Step5\Step5_cpp">
      <UniqueIdentifier>{a99f9048-85a5-4c49-bbc3-c69fd53af9f7}</UniqueIdentifier>
    </Filter>
    <Filter Include="소스 파일\OOP PROJECT\Step5\Step5_h">
      <UniqueIdentifier>{664b832b-8510-4cf3-92f0-bde5fc6bec1f}</UniqueIdentifier>
    </Filter>
    <Filter Include="소스 파일\10징">
      <UniqueIdentifier>{fb83c189-3f85-4df7-9744-92dda5f6bddc}</UniqueIdentifier>
    </Filter>
    <Filter Include="소스 파일\10징\연습문제10-1">
      <UniqueIdentifier>{2ae44738-cb5e-46df-bcee-11611876a670}</UniqueIdentifier>
    </Filter>
    <Filter Include="소스 파일\10징\연습문제10-1\Example1%2810-1%29">
      <UniqueIdentifier>{74a16d96-e44d-4041-98a8-fb8d46d58ef1}</UniqueIdentifier>
    </Filter>
    <Filter Include="소스 파일\10징\연습문제10-1\Example2%2810-1%29">
      <UniqueIdentifier>{3f0f6229-0d2e-4ef4-a864-5c9d1c08f6a2}</UniqueIdentifier>
    </Filter>
    <Filter Include="소스 파일\10징\연습문제10-1\Example3%2810-1%29">
      <UniqueIdentifier>{df54f8e4-c369-4b70-987c-6d1c79663497}</UniqueIdentifier>
    </Filter>
    <Filter Include="소스 파일\10징\연습문제10-2">
      <UniqueIdentifier>{73cacb8c-17cb-4c95-8b74-8e3c160335e7}</UniqueIdentifier>
    </Filter>
    <Filter Include="소스 파일\10징\연습문제10-2\Example1%2810-2%29">
      <UniqueIdentifier>{952b28fe-59b0-45a6-86fa-1fb5a4220227}</UniqueIdentifier>
    </Filter>
    <Filter Include="소스 파일\12장">
      <UniqueIdentifier>{42806c72-5033-49bc-8ec6-b52fafe3800b}</UniqueIdentifier>
    </Filter>
    <Filter Include="소스 파일\12장\연습문제12-1">
      <UniqueIdentifier>{5fdea092-208d-4c63-9361-c65b3067106a}</UniqueIdentifier>
    </Filter>
    <Filter Include="소스 파일\OOP PROJECT\Step6">
      <UniqueIdentifier>{c1e7553e-5077-4647-bd3b-dd5a15fb7c76}</UniqueIdentifier>
    </Filter>
    <Filter Include="소스 파일\OOP PROJECT\Step6\Step6_cpp">
      <UniqueIdentifier>{2505e0a3-e430-4090-96fd-412e025d6ed2}</UniqueIdentifier>
    </Filter>
    <Filter Include="소스 파일\OOP PROJECT\Step6\Step6_h">
      <UniqueIdentifier>{9733c8eb-12e1-4191-8f07-3e4a1df2a51b}</UniqueIdentifier>
    </Filter>
  </ItemGroup>
  <ItemGroup>
    <ClCompile Include="Example1%281-1%29.cpp">
      <Filter>소스 파일\1장\연습문제1-1</Filter>
    </ClCompile>
    <ClCompile Include="Example2%281-1%29.cpp">
      <Filter>소스 파일\1장\연습문제1-1</Filter>
    </ClCompile>
    <ClCompile Include="Example3%281-1%29.cpp">
      <Filter>소스 파일\1장\연습문제1-1</Filter>
    </ClCompile>
    <ClCompile Include="Example4%281-1%29.cpp">
      <Filter>소스 파일\1장\연습문제1-1</Filter>
    </ClCompile>
    <ClCompile Include="Example1(1-2).cpp">
      <Filter>소스 파일\1장\연습문제1-2</Filter>
    </ClCompile>
    <ClCompile Include="Step1.cpp">
      <Filter>소스 파일\OOP PROJECT</Filter>
    </ClCompile>
    <ClCompile Include="Example1(3-1).cpp">
      <Filter>소스 파일\3장\연습문제3-1</Filter>
    </ClCompile>
    <ClCompile Include="Example1(4-1).cpp">
      <Filter>소스 파일\4장\연습문제4-1</Filter>
    </ClCompile>
    <ClCompile Include="Example2(4-1).cpp">
      <Filter>소스 파일\4장\연습문제4-1</Filter>
    </ClCompile>
    <ClCompile Include="Example3(4-1).cpp">
      <Filter>소스 파일\4장\연습문제4-1</Filter>
    </ClCompile>
    <ClCompile Include="Example1(4-2).cpp">
      <Filter>소스 파일\4장\연습문제4-2</Filter>
    </ClCompile>
    <ClCompile Include="Step2.cpp">
      <Filter>소스 파일\OOP PROJECT</Filter>
    </ClCompile>
    <ClCompile Include="Example1(5-1).cpp">
      <Filter>소스 파일\5장\연습문제5-1</Filter>
    </ClCompile>
    <ClCompile Include="Example1(7-1).cpp">
      <Filter>소스 파일\7장\연습문제7-1</Filter>
    </ClCompile>
    <ClCompile Include="Example2(7-1).cpp">
      <Filter>소스 파일\7장\연습문제7-1</Filter>
    </ClCompile>
    <ClCompile Include="step3.cpp">
      <Filter>소스 파일\OOP PROJECT</Filter>
    </ClCompile>
    <ClCompile Include="Example(8-1).cpp">
      <Filter>소스 파일\8장\연습문제8-1</Filter>
    </ClCompile>
    <ClCompile Include="Example(8-2).cpp">
      <Filter>소스 파일\8장\연습문제8-2</Filter>
    </ClCompile>
    <ClCompile Include="step4.cpp">
      <Filter>소스 파일\OOP PROJECT</Filter>
    </ClCompile>
    <ClCompile Include="Example1(10-1).cpp">
      <Filter>소스 파일\10징\연습문제10-1\Example1%2810-1%29</Filter>
    </ClCompile>
    <ClCompile Include="Example2(10-1).cpp">
      <Filter>소스 파일\10징\연습문제10-1\Example2%2810-1%29</Filter>
    </ClCompile>
    <ClCompile Include="Example1_main.cpp">
      <Filter>소스 파일\10징\연습문제10-1\Example1%2810-1%29</Filter>
    </ClCompile>
    <ClCompile Include="Example2_main.cpp">
      <Filter>소스 파일\10징\연습문제10-1\Example2%2810-1%29</Filter>
    </ClCompile>
    <ClCompile Include="Example3(10-1).cpp">
      <Filter>소스 파일\10징\연습문제10-1\Example3%2810-1%29</Filter>
    </ClCompile>
    <ClCompile Include="Example3_main.cpp">
      <Filter>소스 파일\10징\연습문제10-1\Example3%2810-1%29</Filter>
    </ClCompile>
    <ClCompile Include="Example1(10-2).cpp">
      <Filter>소스 파일\10징\연습문제10-2\Example1%2810-2%29</Filter>
    </ClCompile>
    <ClCompile Include="Example1(12-1).cpp">
      <Filter>소스 파일\12장\연습문제12-1</Filter>
    </ClCompile>
    <ClCompile Include="Example(12-2).cpp">
      <Filter>소스 파일\12장\연습문제12-1</Filter>
    </ClCompile>
    <ClCompile Include="AccManager5.cpp">
      <Filter>소스 파일\OOP PROJECT\Step5\Step5_cpp</Filter>
    </ClCompile>
    <ClCompile Include="Account5.cpp">
      <Filter>소스 파일\OOP PROJECT\Step5\Step5_cpp</Filter>
    </ClCompile>
    <ClCompile Include="ContriAccount5.cpp">
      <Filter>소스 파일\OOP PROJECT\Step5\Step5_cpp</Filter>
    </ClCompile>
    <ClCompile Include="FaithAccount5.cpp">
      <Filter>소스 파일\OOP PROJECT\Step5\Step5_cpp</Filter>
    </ClCompile>
    <ClCompile Include="main5.cpp">
      <Filter>소스 파일\OOP PROJECT\Step5\Step5_cpp</Filter>
    </ClCompile>
    <ClCompile Include="Account6.cpp">
      <Filter>소스 파일\OOP PROJECT\Step6\Step6_cpp</Filter>
    </ClCompile>
    <ClCompile Include="AccManager6.cpp">
      <Filter>소스 파일\OOP PROJECT\Step6\Step6_cpp</Filter>
    </ClCompile>
    <ClCompile Include="FaithAccount6.cpp">
      <Filter>소스 파일\OOP PROJECT\Step6\Step6_cpp</Filter>
    </ClCompile>
    <ClCompile Include="ContriAccount6.cpp">
      <Filter>소스 파일\OOP PROJECT\Step6\Step6_cpp</Filter>
    </ClCompile>
    <ClCompile Include="Container6.cpp">
      <Filter>소스 파일\OOP PROJECT\Step6\Step6_cpp</Filter>
    </ClCompile>
    <ClCompile Include="main6.cpp">
      <Filter>소스 파일\OOP PROJECT\Step6\Step6_cpp</Filter>
    </ClCompile>
  </ItemGroup>
  <ItemGroup>
    <ClInclude Include="Example1_10_1.h">
      <Filter>소스 파일\10징\연습문제10-1\Example1%2810-1%29</Filter>
    </ClInclude>
    <ClInclude Include="Example2_10_1.h">
      <Filter>소스 파일\10징\연습문제10-1\Example2%2810-1%29</Filter>
    </ClInclude>
    <ClInclude Include="Example3_10_1.h">
      <Filter>소스 파일\10징\연습문제10-1\Example3%2810-1%29</Filter>
    </ClInclude>
    <ClInclude Include="Account5.h">
      <Filter>소스 파일\OOP PROJECT\Step5\Step5_h</Filter>
    </ClInclude>
    <ClInclude Include="AccManager5.h">
      <Filter>소스 파일\OOP PROJECT\Step5\Step5_h</Filter>
    </ClInclude>
    <ClInclude Include="ContriAccount5.h">
      <Filter>소스 파일\OOP PROJECT\Step5\Step5_h</Filter>
    </ClInclude>
    <ClInclude Include="FaithAccount5.h">
      <Filter>소스 파일\OOP PROJECT\Step5\Step5_h</Filter>
    </ClInclude>
    <ClInclude Include="Container6.h">
      <Filter>소스 파일\OOP PROJECT\Step6\Step6_h</Filter>
    </ClInclude>
    <ClInclude Include="Account6.h">
      <Filter>소스 파일\OOP PROJECT\Step6\Step6_h</Filter>
    </ClInclude>
    <ClInclude Include="AccManager6.h">
      <Filter>소스 파일\OOP PROJECT\Step6\Step6_h</Filter>
    </ClInclude>
    <ClInclude Include="FaithAccount6.h">
      <Filter>소스 파일\OOP PROJECT\Step6\Step6_h</Filter>
    </ClInclude>
    <ClInclude Include="ContriAccount6.h">
      <Filter>소스 파일\OOP PROJECT\Step6\Step6_h</Filter>
    </ClInclude>
  </ItemGroup>
</Project>